
Microsoft Visual Studio Solution File, Format Version 12.00
# Visual Studio Version 16
VisualStudioVersion = 16.0.31320.298
MinimumVisualStudioVersion = 10.0.40219.1
Project("{9A19103F-16F7-4668-BE54-9A1E7A4F7556}") = "CSManager", "CSManager\CSManager.csproj", "{799DAA63-FC61-46C3-9F75-9FAFC06A7933}"
EndProject
Project("{9A19103F-16F7-4668-BE54-9A1E7A4F7556}") = "Crystallography", "Crystallography\Crystallography.csproj", "{C277AD49-D4AF-4658-B3C7-3125541CADAF}"
EndProject
Project("{9A19103F-16F7-4668-BE54-9A1E7A4F7556}") = "Crystallography.Controls", "Crystallography.Controls\Crystallography.Controls.csproj", "{A9FD463F-E518-421B-B7B5-65415D8C74D7}"
EndProject
Project("{54435603-DBB4-11D2-8724-00A0C9A8B90C}") = "CSManagerSetup", "CSManagerSetup\CSManagerSetup.vdproj", "{C599A8FE-A7F6-4972-8062-4EBE14A2F8A7}"
EndProject
Global
	GlobalSection(SolutionConfigurationPlatforms) = preSolution
		Debug|Any CPU = Debug|Any CPU
		Release|Any CPU = Release|Any CPU
	EndGlobalSection
	GlobalSection(ProjectConfigurationPlatforms) = postSolution
		{799DAA63-FC61-46C3-9F75-9FAFC06A7933}.Debug|Any CPU.ActiveCfg = Debug|Any CPU
		{799DAA63-FC61-46C3-9F75-9FAFC06A7933}.Debug|Any CPU.Build.0 = Debug|Any CPU
		{799DAA63-FC61-46C3-9F75-9FAFC06A7933}.Release|Any CPU.ActiveCfg = Release|Any CPU
		{799DAA63-FC61-46C3-9F75-9FAFC06A7933}.Release|Any CPU.Build.0 = Release|Any CPU
		{C277AD49-D4AF-4658-B3C7-3125541CADAF}.Debug|Any CPU.ActiveCfg = Debug|Any CPU
		{C277AD49-D4AF-4658-B3C7-3125541CADAF}.Debug|Any CPU.Build.0 = Debug|Any CPU
		{C277AD49-D4AF-4658-B3C7-3125541CADAF}.Release|Any CPU.ActiveCfg = Release|Any CPU
		{C277AD49-D4AF-4658-B3C7-3125541CADAF}.Release|Any CPU.Build.0 = Release|Any CPU
		{A9FD463F-E518-421B-B7B5-65415D8C74D7}.Debug|Any CPU.ActiveCfg = Debug|Any CPU
		{A9FD463F-E518-421B-B7B5-65415D8C74D7}.Debug|Any CPU.Build.0 = Debug|Any CPU
		{A9FD463F-E518-421B-B7B5-65415D8C74D7}.Release|Any CPU.ActiveCfg = Release|Any CPU
		{A9FD463F-E518-421B-B7B5-65415D8C74D7}.Release|Any CPU.Build.0 = Release|Any CPU
		{C599A8FE-A7F6-4972-8062-4EBE14A2F8A7}.Debug|Any CPU.ActiveCfg = Debug
		{C599A8FE-A7F6-4972-8062-4EBE14A2F8A7}.Debug|Any CPU.Build.0 = Debug
		{C599A8FE-A7F6-4972-8062-4EBE14A2F8A7}.Release|Any CPU.ActiveCfg = Release
		{C599A8FE-A7F6-4972-8062-4EBE14A2F8A7}.Release|Any CPU.Build.0 = Release
	EndGlobalSection
	GlobalSection(SolutionProperties) = preSolution
		HideSolutionNode = FALSE
	EndGlobalSection
	GlobalSection(ExtensibilityGlobals) = postSolution
		SolutionGuid = {4DDF9279-D33B-4E34-BFD5-12C4D7AF67D1}
	EndGlobalSection
EndGlobal
